{
  "nodes": {
    "nixpkgs": {
      "locked": {
        "lastModified": 1781577229,
        "narHash": "sha256-lrp67w8AulE9Ks53n27I45ADSzbOCn4H+CNW1Ck8B+8=",
        "owner": "NixOS",
        "repo": "nixpkgs",
        "rev": "567a49d1913ce81ac6e9582e3553dd90a955875f",
        "type": "github"
      },
      "original": {
        "owner": "NixOS",
        "ref": "nixos-unstable",
        "repo": "nixpkgs",
        "type": "github"
      }
    },
    "nixpkgs-main": {
      "locked": {
        "lastModified": 1781678806,
        "narHash": "sha256-dIZ+oYiy1ulJSbXOJNFsc1i4WQyATFlpQJG2Av5/oEk=",
        "owner": "NixOS",
        "repo": "nixpkgs",
        "rev": "ccf79c6be0d83db3efb788528f97d27b3e478c33",
        "type": "github"
      },
      "original": {
        "owner": "NixOS",
        "ref": "master",
        "repo": "nixpkgs",
        "type": "github"
      }
    },
    "root": {
      "inputs": {
        "nixpkgs": "nixpkgs",
        "nixpkgs-main": "nixpkgs-main"
      }
    }
  },
  "root": "root",
  "version": 7
}
